
Microsoft Visual Studio Solution File, Format Version 12.00
# Visual Studio Version 16
VisualStudioVersion = 16.0.33529.622
MinimumVisualStudioVersion = 10.0.40219.1
Project("{FAE04EC0-301F-11D3-BF4B-00C04F79EFBC}") = "KomplexVeriBaglama", "KomplexVeriBaglama\KomplexVeriBaglama.csproj", "{C88A0611-158A-403F-B329-264DAA016B00}"
EndProject
Global
	GlobalSection(SolutionConfigurationPlatforms) = preSolution
		Debug|Any CPU = Debug|Any CPU
		Release|Any CPU = Release|Any CPU
	EndGlobalSection
	GlobalSection(ProjectConfigurationPlatforms) = postSolution
		{C88A0611-158A-403F-B329-264DAA016B00}.Debug|Any CPU.ActiveCfg = Debug|Any CPU
		{C88A0611-158A-403F-B329-264DAA016B00}.Debug|Any CPU.Build.0 = Debug|Any CPU
		{C88A0611-158A-403F-B329-264DAA016B00}.Release|Any CPU.ActiveCfg = Release|Any CPU
		{C88A0611-158A-403F-B329-264DAA016B00}.Release|Any CPU.Build.0 = Release|Any CPU
	EndGlobalSection
	GlobalSection(SolutionProperties) = preSolution
		HideSolutionNode = FALSE
	EndGlobalSection
	GlobalSection(ExtensibilityGlobals) = postSolution
		SolutionGuid = {683DB045-639C-4104-9C1D-F501E4030507}
	EndGlobalSection
EndGlobal
